{
  "name": "aquil-symbolic-engine",
  "version": "1.0.0",
  "lockfileVersion": 3,
  "requires": true,
  "packages": {
    "": {
      "name": "aquil-symbolic-engine",
      "version": "1.0.0",
      "license": "MIT",
      "devDependencies": {
        "@cloudflare/workers-types": "^4.20241127.0"
      },
      "engines": {
        "node": ">=18.0.0"
      }
    },
    "node_modules/@cloudflare/workers-types": {
      "version": "4.20250801.0",
      "resolved": "https://registry.npmjs.org/@cloudflare/workers-types/-/workers-types-4.20250801.0.tgz",
      "integrity": "sha512-BQmMdoOGClY23TesgkR1PeGrPvPsSFD/zW7pDzWZHkOEsqkPk2A91h52bP8GbtKYTl1vdaYjQgJlGsP6Ih4G0w==",
      "dev": true,
      "license": "MIT OR Apache-2.0"
    }
  }
}
